// !$*UTF8*$!
{
	archiveVersion = 1;
	classes = {
	};
	objectVersion = 46;
	objects = {

/* Begin PBXBuildFile section */
		16E2001F15D3A14200BA7643 /* UIKit.framework in Frameworks */ = {isa = PBXBuildFile; fileRef = 16E2001E15D3A14200BA7643 /* UIKit.framework */; };
		16E2002115D3A14200BA7643 /* Foundation.framework in Frameworks */ = {isa = PBXBuildFile; fileRef = 16E2002015D3A14200BA7643 /* Foundation.framework */; };
		16E2002315D3A14200BA7643 /* CoreGraphics.framework in Frameworks */ = {isa = PBXBuildFile; fileRef = 16E2002215D3A14200BA7643 /* CoreGraphics.framework */; };
		16E2002915D3A14200BA7643 /* InfoPlist.strings in Resources */ = {isa = PBXBuildFile; fileRef = 16E2002715D3A14200BA7643 /* InfoPlist.strings */; };
		16E2002B15D3A14200BA7643 /* main.m in Sources */ = {isa = PBXBuildFile; fileRef = 16E2002A15D3A14200BA7643 /* main.m */; };
		16E2002F15D3A14200BA7643 /* AppDelegate.m in Sources */ = {isa = PBXBuildFile; fileRef = 16E2002E15D3A14200BA7643 /* AppDelegate.m */; };
		16E2003215D3A14200BA7643 /* ViewController.m in Sources */ = {isa = PBXBuildFile; fileRef = 16E2003115D3A14200BA7643 /* ViewController.m */; };
		16E2003515D3A14200BA7643 /* ViewController.xib in Resources */ = {isa = PBXBuildFile; fileRef = 16E2003315D3A14200BA7643 /* ViewController.xib */; };
		16E2003D15D3A14200BA7643 /* SenTestingKit.framework in Frameworks */ = {isa = PBXBuildFile; fileRef = 16E2003C15D3A14200BA7643 /* SenTestingKit.framework */; };
		16E2003E15D3A14200BA7643 /* UIKit.framework in Frameworks */ = {isa = PBXBuildFile; fileRef = 16E2001E15D3A14200BA7643 /* UIKit.framework */; };
		16E2003F15D3A14200BA7643 /* Foundation.framework in Frameworks */ = {isa = PBXBuildFile; fileRef = 16E2002015D3A14200BA7643 /* Foundation.framework */; };
		16E2004715D3A14200BA7643 /* InfoPlist.strings in Resources */ = {isa = PBXBuildFile; fileRef = 16E2004515D3A14200BA7643 /* InfoPlist.strings */; };
		16E2004A15D3A14200BA7643 /* cooltableTests.m in Sources */ = {isa = PBXBuildFile; fileRef = 16E2004915D3A14200BA7643 /* cooltableTests.m */; };
/* End PBXBuildFile section */

/* Begin PBXContainerItemProxy section */
		16E2004015D3A14200BA7643 /* PBXContainerItemProxy */ = {
			isa = PBXContainerItemProxy;
			containerPortal = 16E2001115D3A14100BA7643 /* Project object */;
			proxyType = 1;
			remoteGlobalIDString = 16E2001915D3A14200BA7643;
			remoteInfo = cooltable;
		};
/* End PBXContainerItemProxy section */

/* Begin PBXFileReference section */
		16E2001A15D3A14200BA7643 /* cooltable.app */ = {isa = PBXFileReference; explicitFileType = wrapper.application; includeInIndex = 0; path = cooltable.app; sourceTree = BUILT_PRODUCTS_DIR; };
		16E2001E15D3A14200BA7643 /* UIKit.framework */ = {isa = PBXFileReference; lastKnownFileType = wrapper.framework; name = UIKit.framework; path = System/Library/Frameworks/UIKit.framework; sourceTree = SDKROOT; };
		16E2002015D3A14200BA7643 /* Foundation.framework */ = {isa = PBXFileReference; lastKnownFileType = wrapper.framework; name = Foundation.framework; path = System/Library/Frameworks/Foundation.framework; sourceTree = SDKROOT; };
		16E2002215D3A14200BA7643 /* CoreGraphics.framework */ = {isa = PBXFileReference; lastKnownFileType = wrapper.framework; name = CoreGraphics.framework; path = System/Library/Frameworks/CoreGraphics.framework; sourceTree = SDKROOT; };
		16E2002615D3A14200BA7643 /* cooltable-Info.plist */ = {isa = PBXFileReference; path = "cooltable-Info.plist"; sourceTree = "<group>"; };
		16E2002815D3A14200BA7643 /* en */ = {isa = PBXFileReference; lastKnownFileType = text.plist.strings; name = en; path = en.lproj/InfoPlist.strings; sourceTree = "<group>"; };
		16E2002A15D3A14200BA7643 /* main.m */ = {isa = PBXFileReference; lastKnownFileType = sourcecode.c.objc; path = main.m; sourceTree = "<group>"; };
		16E2002C15D3A14200BA7643 /* cooltable-Prefix.pch */ = {isa = PBXFileReference; path = "cooltable-Prefix.pch"; sourceTree = "<group>"; };
		16E2002D15D3A14200BA7643 /* AppDelegate.h */ = {isa = PBXFileReference; path = AppDelegate.h; sourceTree = "<group>"; };
		16E2002E15D3A14200BA7643 /* AppDelegate.m */ = {isa = PBXFileReference; lastKnownFileType = sourcecode.c.objc; path = AppDelegate.m; sourceTree = "<group>"; };
		16E2003015D3A14200BA7643 /* ViewController.h */ = {isa = PBXFileReference; path = ViewController.h; sourceTree = "<group>"; };
		16E2003115D3A14200BA7643 /* ViewController.m */ = {isa = PBXFileReference; lastKnownFileType = sourcecode.c.objc; path = ViewController.m; sourceTree = "<group>"; };
		16E2003415D3A14200BA7643 /* en */ = {isa = PBXFileReference; lastKnownFileType = file.xib; name = en; path = en.lproj/ViewController.xib; sourceTree = "<group>"; };
		16E2003B15D3A14200BA7643 /* cooltableTests.octest */ = {isa = PBXFileReference; explicitFileType = wrapper.cfbundle; includeInIndex = 0; path = cooltableTests.octest; sourceTree = BUILT_PRODUCTS_DIR; };
		16E2003C15D3A14200BA7643 /* SenTestingKit.framework */ = {isa = PBXFileReference; lastKnownFileType = wrapper.framework; name = SenTestingKit.framework; path = Library/Frameworks/SenTestingKit.framework; sourceTree = DEVELOPER_DIR; };
		16E2004415D3A14200BA7643 /* cooltableTests-Info.plist */ = {isa = PBXFileReference; path = "cooltableTests-Info.plist"; sourceTree = "<group>"; };
		16E2004615D3A14200BA7643 /* en */ = {isa = PBXFileReference; lastKnownFileType = text.plist.strings; name = en; path = en.lproj/InfoPlist.strings; sourceTree = "<group>"; };
		16E2004815D3A14200BA7643 /* cooltableTests.h */ = {isa = PBXFileReference; path = cooltableTests.h; sourceTree = "<group>"; };
		16E2004915D3A14200BA7643 /* cooltableTests.m */ = {isa = PBXFileReference; lastKnownFileType = sourcecode.c.objc; path = cooltableTests.m; sourceTree = "<group>"; };
/* End PBXFileReference section */

/* Begin PBXFrameworksBuildPhase section */
		16E2001715D3A14200BA7643 /* Frameworks */ = {
			isa = PBXFrameworksBuildPhase;
			buildActionMask = 2147483647;
			files = (
				16E2001F15D3A14200BA7643 /* UIKit.framework in Frameworks */,
				16E2002115D3A14200BA7643 /* Foundation.framework in Frameworks */,
				16E2002315D3A14200BA7643 /* CoreGraphics.framework in Frameworks */,
			);
			runOnlyForDeploymentPostprocessing = 0;
		};
		16E2003715D3A14200BA7643 /* Frameworks */ = {
			isa = PBXFrameworksBuildPhase;
			buildActionMask = 2147483647;
			files = (
				16E2003D15D3A14200BA7643 /* SenTestingKit.framework in Frameworks */,
				16E2003E15D3A14200BA7643 /* UIKit.framework in Frameworks */,
				16E2003F15D3A14200BA7643 /* Foundation.framework in Frameworks */,
			);
			runOnlyForDeploymentPostprocessing = 0;
		};
/* End PBXFrameworksBuildPhase section */

/* Begin PBXGroup section */
		16E2000F15D3A14100BA7643 = {
			isa = PBXGroup;
			children = (
				16E2002415D3A14200BA7643 /* cooltable */,
				16E2004215D3A14200BA7643 /* cooltableTests */,
				16E2001D15D3A14200BA7643 /* Frameworks */,
				16E2001B15D3A14200BA7643 /* Products */,
			);
			sourceTree = "<group>";
		};
		16E2001B15D3A14200BA7643 /* Products */ = {
			isa = PBXGroup;
			children = (
				16E2001A15D3A14200BA7643 /* cooltable.app */,
				16E2003B15D3A14200BA7643 /* cooltableTests.octest */,
			);
			name = Products;
			sourceTree = "<group>";
		};
		16E2001D15D3A14200BA7643 /* Frameworks */ = {
			isa = PBXGroup;
			children = (
				16E2001E15D3A14200BA7643 /* UIKit.framework */,
				16E2002015D3A14200BA7643 /* Foundation.framework */,
				16E2002215D3A14200BA7643 /* CoreGraphics.framework */,
				16E2003C15D3A14200BA7643 /* SenTestingKit.framework */,
			);
			name = Frameworks;
			sourceTree = "<group>";
		};
		16E2002415D3A14200BA7643 /* cooltable */ = {
			isa = PBXGroup;
			children = (
				16E2002D15D3A14200BA7643 /* AppDelegate.h */,
				16E2002E15D3A14200BA7643 /* AppDelegate.m */,
				16E2003015D3A14200BA7643 /* ViewController.h */,
				16E2003115D3A14200BA7643 /* ViewController.m */,
				16E2003315D3A14200BA7643 /* ViewController.xib */,
				16E2002515D3A14200BA7643 /* Supporting Files */,
			);
			path = cooltable;
			sourceTree = "<group>";
		};
		16E2002515D3A14200BA7643 /* Supporting Files */ = {
			isa = PBXGroup;
			children = (
				16E2002615D3A14200BA7643 /* cooltable-Info.plist */,
				16E2002715D3A14200BA7643 /* InfoPlist.strings */,
				16E2002A15D3A14200BA7643 /* main.m */,
				16E2002C15D3A14200BA7643 /* cooltable-Prefix.pch */,
			);
			name = "Supporting Files";
			sourceTree = "<group>";
		};
		16E2004215D3A14200BA7643 /* cooltableTests */ = {
			isa = PBXGroup;
			children = (
				16E2004815D3A14200BA7643 /* cooltableTests.h */,
				16E2004915D3A14200BA7643 /* cooltableTests.m */,
				16E2004315D3A14200BA7643 /* Supporting Files */,
			);
			path = cooltableTests;
			sourceTree = "<group>";
		};
		16E2004315D3A14200BA7643 /* Supporting Files */ = {
			isa = PBXGroup;
			children = (
				16E2004415D3A14200BA7643 /* cooltableTests-Info.plist */,
				16E2004515D3A14200BA7643 /* InfoPlist.strings */,
			);
			name = "Supporting Files";
			sourceTree = "<group>";
		};
/* End PBXGroup section */

/* Begin PBXNativeTarget section */
		16E2001915D3A14200BA7643 /* cooltable */ = {
			isa = PBXNativeTarget;
			buildConfigurationList = 16E2004D15D3A14200BA7643 /* Build configuration list for PBXNativeTarget "cooltable" */;
			buildPhases = (
				16E2001615D3A14200BA7643 /* Sources */,
				16E2001715D3A14200BA7643 /* Frameworks */,
				16E2001815D3A14200BA7643 /* Resources */,
			);
			buildRules = (
			);
			dependencies = (
			);
			name = cooltable;
			productName = cooltable;
			productReference = 16E2001A15D3A14200BA7643 /* cooltable.app */;
			productType = "com.apple.product-type.application";
		};
		16E2003A15D3A14200BA7643 /* cooltableTests */ = {
			isa = PBXNativeTarget;
			buildConfigurationList = 16E2005015D3A14200BA7643 /* Build configuration list for PBXNativeTarget "cooltableTests" */;
			buildPhases = (
				16E2003615D3A14200BA7643 /* Sources */,
				16E2003715D3A14200BA7643 /* Frameworks */,
				16E2003815D3A14200BA7643 /* Resources */,
				16E2003915D3A14200BA7643 /* ShellScript */,
			);
			buildRules = (
			);
			dependencies = (
				16E2004115D3A14200BA7643 /* PBXTargetDependency */,
			);
			name = cooltableTests;
			productName = cooltableTests;
			productReference = 16E2003B15D3A14200BA7643 /* cooltableTests.octest */;
			productType = "com.apple.product-type.bundle";
		};
/* End PBXNativeTarget section */

/* Begin PBXProject section */
		16E2001115D3A14100BA7643 /* Project object */ = {
			isa = PBXProject;
			attributes = {
				LastUpgradeCheck = 0430;
			};
			buildConfigurationList = 16E2001415D3A14100BA7643 /* Build configuration list for PBXProject "cooltable" */;
			compatibilityVersion = "Xcode 3.2";
			developmentRegion = English;
			hasScannedForEncodings = 0;
			knownRegions = (
				en,
			);
			mainGroup = 16E2000F15D3A14100BA7643;
			productRefGroup = 16E2001B15D3A14200BA7643 /* Products */;
			projectDirPath = "";
			projectRoot = "";
			targets = (
				16E2001915D3A14200BA7643 /* cooltable */,
				16E2003A15D3A14200BA7643 /* cooltableTests */,
			);
		};
/* End PBXProject section */

/* Begin PBXResourcesBuildPhase section */
		16E2001815D3A14200BA7643 /* Resources */ = {
			isa = PBXResourcesBuildPhase;
			buildActionMask = 2147483647;
			files = (
				16E2002915D3A14200BA7643 /* InfoPlist.strings in Resources */,
				16E2003515D3A14200BA7643 /* ViewController.xib in Resources */,
			);
			runOnlyForDeploymentPostprocessing = 0;
		};
		16E2003815D3A14200BA7643 /* Resources */ = {
			isa = PBXResourcesBuildPhase;
			buildActionMask = 2147483647;
			files = (
				16E2004715D3A14200BA7643 /* InfoPlist.strings in Resources */,
			);
			runOnlyForDeploymentPostprocessing = 0;
		};
/* End PBXResourcesBuildPhase section */

/* Begin PBXShellScriptBuildPhase section */
		16E2003915D3A14200BA7643 /* ShellScript */ = {
			isa = PBXShellScriptBuildPhase;
			buildActionMask = 2147483647;
			files = (
			);
			inputPaths = (
			);
			outputPaths = (
			);
			runOnlyForDeploymentPostprocessing = 0;
			shellPath = /bin/sh;
			shellScript = "# Run the unit tests in this test bundle.\n\"${SYSTEM_DEVELOPER_DIR}/Tools/RunUnitTests\"\n";
		};
/* End PBXShellScriptBuildPhase section */

/* Begin PBXSourcesBuildPhase section */
		16E2001615D3A14200BA7643 /* Sources */ = {
			isa = PBXSourcesBuildPhase;
			buildActionMask = 2147483647;
			files = (
				16E2002B15D3A14200BA7643 /* main.m in Sources */,
				16E2002F15D3A14200BA7643 /* AppDelegate.m in Sources */,
				16E2003215D3A14200BA7643 /* ViewController.m in Sources */,
			);
			runOnlyForDeploymentPostprocessing = 0;
		};
		16E2003615D3A14200BA7643 /* Sources */ = {
			isa = PBXSourcesBuildPhase;
			buildActionMask = 2147483647;
			files = (
				16E2004A15D3A14200BA7643 /* cooltableTests.m in Sources */,
			);
			runOnlyForDeploymentPostprocessing = 0;
		};
/* End PBXSourcesBuildPhase section */

/* Begin PBXTargetDependency section */
		16E2004115D3A14200BA7643 /* PBXTargetDependency */ = {
			isa = PBXTargetDependency;
			target = 16E2001915D3A14200BA7643 /* cooltable */;
			targetProxy = 16E2004015D3A14200BA7643 /* PBXContainerItemProxy */;
		};
/* End PBXTargetDependency section */

/* Begin PBXVariantGroup section */
		16E2002715D3A14200BA7643 /* InfoPlist.strings */ = {
			isa = PBXVariantGroup;
			children = (
				16E2002815D3A14200BA7643 /* en */,
			);
			name = InfoPlist.strings;
			sourceTree = "<group>";
		};
		16E2003315D3A14200BA7643 /* ViewController.xib */ = {
			isa = PBXVariantGroup;
			children = (
				16E2003415D3A14200BA7643 /* en */,
			);
			name = ViewController.xib;
			sourceTree = "<group>";
		};
		16E2004515D3A14200BA7643 /* InfoPlist.strings */ = {
			isa = PBXVariantGroup;
			children = (
				16E2004615D3A14200BA7643 /* en */,
			);
			name = InfoPlist.strings;
			sourceTree = "<group>";
		};
/* End PBXVariantGroup section */

/* Begin XCBuildConfiguration section */
		16E2004B15D3A14200BA7643 /* Debug */ = {
			isa = XCBuildConfiguration;
			buildSettings = {
				ALWAYS_SEARCH_USER_PATHS = NO;
				ARCHS = "$(ARCHS_STANDARD_32_BIT)";
				"CODE_SIGN_IDENTITY[sdk=iphoneos*]" = "iPhone Developer";
				COPY_PHASE_STRIP = NO;
				GCC_C_LANGUAGE_STANDARD = gnu99;
				GCC_DYNAMIC_NO_PIC = NO;
				GCC_OPTIMIZATION_LEVEL = 0;
				GCC_PREPROCESSOR_DEFINITIONS = (
					"DEBUG=1",
					"$(inherited)",
				);
				GCC_SYMBOLS_PRIVATE_EXTERN = NO;
				GCC_VERSION = com.apple.compilers.llvm.clang.1_0;
				GCC_WARN_ABOUT_RETURN_TYPE = YES;
				GCC_WARN_UNINITIALIZED_AUTOS = YES;
				GCC_WARN_UNUSED_VARIABLE = YES;
				IPHONEOS_DEPLOYMENT_TARGET = 5.1;
				SDKROOT = iphoneos;
				TARGETED_DEVICE_FAMILY = 2;
			};
			name = Debug;
		};
		16E2004C15D3A14200BA7643 /* Release */ = {
			isa = XCBuildConfiguration;
			buildSettings = {
				ALWAYS_SEARCH_USER_PATHS = NO;
				ARCHS = "$(ARCHS_STANDARD_32_BIT)";
				"CODE_SIGN_IDENTITY[sdk=iphoneos*]" = "iPhone Developer";
				COPY_PHASE_STRIP = YES;
				GCC_C_LANGUAGE_STANDARD = gnu99;
				GCC_VERSION = com.apple.compilers.llvm.clang.1_0;
				GCC_WARN_ABOUT_RETURN_TYPE = YES;
				GCC_WARN_UNINITIALIZED_AUTOS = YES;
				GCC_WARN_UNUSED_VARIABLE = YES;
				IPHONEOS_DEPLOYMENT_TARGET = 5.1;
				OTHER_CFLAGS = "-DNS_BLOCK_ASSERTIONS=1";
				SDKROOT = iphoneos;
				TARGETED_DEVICE_FAMILY = 2;
				VALIDATE_PRODUCT = YES;
			};
			name = Release;
		};
		16E2004E15D3A14200BA7643 /* Debug */ = {
			isa = XCBuildConfiguration;
			buildSettings = {
				GCC_PRECOMPILE_PREFIX_HEADER = YES;
				GCC_PREFIX_HEADER = "cooltable/cooltable-Prefix.pch";
				INFOPLIST_FILE = "cooltable/cooltable-Info.plist";
				PRODUCT_NAME = "$(TARGET_NAME)";
				WRAPPER_EXTENSION = app;
			};
			name = Debug;
		};
		16E2004F15D3A14200BA7643 /* Release */ = {
			isa = XCBuildConfiguration;
			buildSettings = {
				GCC_PRECOMPILE_PREFIX_HEADER = YES;
				GCC_PREFIX_HEADER = "cooltable/cooltable-Prefix.pch";
				INFOPLIST_FILE = "cooltable/cooltable-Info.plist";
				PRODUCT_NAME = "$(TARGET_NAME)";
				WRAPPER_EXTENSION = app;
			};
			name = Release;
		};
		16E2005115D3A14200BA7643 /* Debug */ = {
			isa = XCBuildConfiguration;
			buildSettings = {
				BUNDLE_LOADER = "$(BUILT_PRODUCTS_DIR)/cooltable.app/cooltable";
				FRAMEWORK_SEARCH_PATHS = (
					"$(SDKROOT)/Developer/Library/Frameworks",
					"$(DEVELOPER_LIBRARY_DIR)/Frameworks",
				);
				GCC_PRECOMPILE_PREFIX_HEADER = YES;
				GCC_PREFIX_HEADER = "cooltable/cooltable-Prefix.pch";
				INFOPLIST_FILE = "cooltableTests/cooltableTests-Info.plist";
				PRODUCT_NAME = "$(TARGET_NAME)";
				TEST_HOST = "$(BUNDLE_LOADER)";
				WRAPPER_EXTENSION = octest;
			};
			name = Debug;
		};
		16E2005215D3A14200BA7643 /* Release */ = {
			isa = XCBuildConfiguration;
			buildSettings = {
				BUNDLE_LOADER = "$(BUILT_PRODUCTS_DIR)/cooltable.app/cooltable";
				FRAMEWORK_SEARCH_PATHS = (
					"$(SDKROOT)/Developer/Library/Frameworks",
					"$(DEVELOPER_LIBRARY_DIR)/Frameworks",
				);
				GCC_PRECOMPILE_PREFIX_HEADER = YES;
				GCC_PREFIX_HEADER = "cooltable/cooltable-Prefix.pch";
				INFOPLIST_FILE = "cooltableTests/cooltableTests-Info.plist";
				PRODUCT_NAME = "$(TARGET_NAME)";
				TEST_HOST = "$(BUNDLE_LOADER)";
				WRAPPER_EXTENSION = octest;
			};
			name = Release;
		};
/* End XCBuildConfiguration section */

/* Begin XCConfigurationList section */
		16E2001415D3A14100BA7643 /* Build configuration list for PBXProject "cooltable" */ = {
			isa = XCConfigurationList;
			buildConfigurations = (
				16E2004B15D3A14200BA7643 /* Debug */,
				16E2004C15D3A14200BA7643 /* Release */,
			);
			defaultConfigurationIsVisible = 0;
			defaultConfigurationName = Release;
		};
		16E2004D15D3A14200BA7643 /* Build configuration list for PBXNativeTarget "cooltable" */ = {
			isa = XCConfigurationList;
			buildConfigurations = (
				16E2004E15D3A14200BA7643 /* Debug */,
				16E2004F15D3A14200BA7643 /* Release */,
			);
			defaultConfigurationIsVisible = 0;
		};
		16E2005015D3A14200BA7643 /* Build configuration list for PBXNativeTarget "cooltableTests" */ = {
			isa = XCConfigurationList;
			buildConfigurations = (
				16E2005115D3A14200BA7643 /* Debug */,
				16E2005215D3A14200BA7643 /* Release */,
			);
			defaultConfigurationIsVisible = 0;
		};
/* End XCConfigurationList section */
	};
	rootObject = 16E2001115D3A14100BA7643 /* Project object */;
}
